Microsoft Visual Studio Solution File, Format Version 12.00
# Visual Studio 15
VisualStudioVersion = 15.0.26124.0
MinimumVisualStudioVersion = 15.0.26124.0
Project("{9A19103F-16F7-4668-BE54-9A1E7A4F7556}") = "sorting", "sorting\sorting.csproj", "{4BED8DB0-697F-4EE2-A56A-EB71BFC9547E}"
EndProject
Project("{9A19103F-16F7-4668-BE54-9A1E7A4F7556}") = "migratory-birds", "migratory-birds\migratory-birds.csproj", "{28FCAC53-F153-4212-8907-47930D8040FA}"
EndProject
Project("{9A19103F-16F7-4668-BE54-9A1E7A4F7556}") = "trees", "trees\trees.csproj", "{92AA5E2B-8F4B-4B13-A72A-59A8D9D03615}"
EndProject
Project("{FAE04EC0-301F-11D3-BF4B-00C04F79EFBC}") = "array-manipulation", "array-manipulation\array-manipulation.csproj", "{382F43F6-ADC2-49D0-83F9-06478BC04119}"
EndProject
Project("{FAE04EC0-301F-11D3-BF4B-00C04F79EFBC}") = "heaps", "heaps\heaps.csproj", "{A41F1017-5F28-4AAF-A4E3-5B0D4380D729}"
EndProject
Global
	GlobalSection(SolutionConfigurationPlatforms) = preSolution
		Debug|Any CPU = Debug|Any CPU
		Debug|x64 = Debug|x64
		Debug|x86 = Debug|x86
		Release|Any CPU = Release|Any CPU
		Release|x64 = Release|x64
		Release|x86 = Release|x86
	EndGlobalSection
	GlobalSection(ProjectConfigurationPlatforms) = postSolution
		{4BED8DB0-697F-4EE2-A56A-EB71BFC9547E}.Debug|Any CPU.ActiveCfg = Debug|Any CPU
		{4BED8DB0-697F-4EE2-A56A-EB71BFC9547E}.Debug|Any CPU.Build.0 = Debug|Any CPU
		{4BED8DB0-697F-4EE2-A56A-EB71BFC9547E}.Debug|x64.ActiveCfg = Debug|Any CPU
		{4BED8DB0-697F-4EE2-A56A-EB71BFC9547E}.Debug|x64.Build.0 = Debug|Any CPU
		{4BED8DB0-697F-4EE2-A56A-EB71BFC9547E}.Debug|x86.ActiveCfg = Debug|Any CPU
		{4BED8DB0-697F-4EE2-A56A-EB71BFC9547E}.Debug|x86.Build.0 = Debug|Any CPU
		{4BED8DB0-697F-4EE2-A56A-EB71BFC9547E}.Release|Any CPU.ActiveCfg = Release|Any CPU
		{4BED8DB0-697F-4EE2-A56A-EB71BFC9547E}.Release|Any CPU.Build.0 = Release|Any CPU
		{4BED8DB0-697F-4EE2-A56A-EB71BFC9547E}.Release|x64.ActiveCfg = Release|Any CPU
		{4BED8DB0-697F-4EE2-A56A-EB71BFC9547E}.Release|x64.Build.0 = Release|Any CPU
		{4BED8DB0-697F-4EE2-A56A-EB71BFC9547E}.Release|x86.ActiveCfg = Release|Any CPU
		{4BED8DB0-697F-4EE2-A56A-EB71BFC9547E}.Release|x86.Build.0 = Release|Any CPU
		{28FCAC53-F153-4212-8907-47930D8040FA}.Debug|Any CPU.ActiveCfg = Debug|Any CPU
		{28FCAC53-F153-4212-8907-47930D8040FA}.Debug|Any CPU.Build.0 = Debug|Any CPU
		{28FCAC53-F153-4212-8907-47930D8040FA}.Debug|x64.ActiveCfg = Debug|Any CPU
		{28FCAC53-F153-4212-8907-47930D8040FA}.Debug|x64.Build.0 = Debug|Any CPU
		{28FCAC53-F153-4212-8907-47930D8040FA}.Debug|x86.ActiveCfg = Debug|Any CPU
		{28FCAC53-F153-4212-8907-47930D8040FA}.Debug|x86.Build.0 = Debug|Any CPU
		{28FCAC53-F153-4212-8907-47930D8040FA}.Release|Any CPU.ActiveCfg = Release|Any CPU
		{28FCAC53-F153-4212-8907-47930D8040FA}.Release|Any CPU.Build.0 = Release|Any CPU
		{28FCAC53-F153-4212-8907-47930D8040FA}.Release|x64.ActiveCfg = Release|Any CPU
		{28FCAC53-F153-4212-8907-47930D8040FA}.Release|x64.Build.0 = Release|Any CPU
		{28FCAC53-F153-4212-8907-47930D8040FA}.Release|x86.ActiveCfg = Release|Any CPU
		{28FCAC53-F153-4212-8907-47930D8040FA}.Release|x86.Build.0 = Release|Any CPU
		{92AA5E2B-8F4B-4B13-A72A-59A8D9D03615}.Debug|Any CPU.ActiveCfg = Debug|Any CPU
		{92AA5E2B-8F4B-4B13-A72A-59A8D9D03615}.Debug|Any CPU.Build.0 = Debug|Any CPU
		{92AA5E2B-8F4B-4B13-A72A-59A8D9D03615}.Debug|x64.ActiveCfg = Debug|Any CPU
		{92AA5E2B-8F4B-4B13-A72A-59A8D9D03615}.Debug|x64.Build.0 = Debug|Any CPU
		{92AA5E2B-8F4B-4B13-A72A-59A8D9D03615}.Debug|x86.ActiveCfg = Debug|Any CPU
		{92AA5E2B-8F4B-4B13-A72A-59A8D9D03615}.Debug|x86.Build.0 = Debug|Any CPU
		{92AA5E2B-8F4B-4B13-A72A-59A8D9D03615}.Release|Any CPU.ActiveCfg = Release|Any CPU
		{92AA5E2B-8F4B-4B13-A72A-59A8D9D03615}.Release|Any CPU.Build.0 = Release|Any CPU
		{92AA5E2B-8F4B-4B13-A72A-59A8D9D03615}.Release|x64.ActiveCfg = Release|Any CPU
		{92AA5E2B-8F4B-4B13-A72A-59A8D9D03615}.Release|x64.Build.0 = Release|Any CPU
		{92AA5E2B-8F4B-4B13-A72A-59A8D9D03615}.Release|x86.ActiveCfg = Release|Any CPU
		{92AA5E2B-8F4B-4B13-A72A-59A8D9D03615}.Release|x86.Build.0 = Release|Any CPU
		{382F43F6-ADC2-49D0-83F9-06478BC04119}.Debug|Any CPU.ActiveCfg = Debug|Any CPU
		{382F43F6-ADC2-49D0-83F9-06478BC04119}.Debug|Any CPU.Build.0 = Debug|Any CPU
		{382F43F6-ADC2-49D0-83F9-06478BC04119}.Debug|x64.ActiveCfg = Debug|Any CPU
		{382F43F6-ADC2-49D0-83F9-06478BC04119}.Debug|x64.Build.0 = Debug|Any CPU
		{382F43F6-ADC2-49D0-83F9-06478BC04119}.Debug|x86.ActiveCfg = Debug|Any CPU
		{382F43F6-ADC2-49D0-83F9-06478BC04119}.Debug|x86.Build.0 = Debug|Any CPU
		{382F43F6-ADC2-49D0-83F9-06478BC04119}.Release|Any CPU.ActiveCfg = Release|Any CPU
		{382F43F6-ADC2-49D0-83F9-06478BC04119}.Release|Any CPU.Build.0 = Release|Any CPU
		{382F43F6-ADC2-49D0-83F9-06478BC04119}.Release|x64.ActiveCfg = Release|Any CPU
		{382F43F6-ADC2-49D0-83F9-06478BC04119}.Release|x64.Build.0 = Release|Any CPU
		{382F43F6-ADC2-49D0-83F9-06478BC04119}.Release|x86.ActiveCfg = Release|Any CPU
		{382F43F6-ADC2-49D0-83F9-06478BC04119}.Release|x86.Build.0 = Release|Any CPU
		{92AA5E2B-8F4B-4B13-A72A-59A8D9D03615}.Release|x64.ActiveCfg = Release|x64
		{92AA5E2B-8F4B-4B13-A72A-59A8D9D03615}.Release|x64.Build.0 = Release|x64
		{92AA5E2B-8F4B-4B13-A72A-59A8D9D03615}.Release|x86.ActiveCfg = Release|x86
		{92AA5E2B-8F4B-4B13-A72A-59A8D9D03615}.Release|x86.Build.0 = Release|x86
		{A41F1017-5F28-4AAF-A4E3-5B0D4380D729}.Debug|Any CPU.ActiveCfg = Debug|Any CPU
		{A41F1017-5F28-4AAF-A4E3-5B0D4380D729}.Debug|Any CPU.Build.0 = Debug|Any CPU
		{A41F1017-5F28-4AAF-A4E3-5B0D4380D729}.Debug|x64.ActiveCfg = Debug|x64
		{A41F1017-5F28-4AAF-A4E3-5B0D4380D729}.Debug|x64.Build.0 = Debug|x64
		{A41F1017-5F28-4AAF-A4E3-5B0D4380D729}.Debug|x86.ActiveCfg = Debug|x86
		{A41F1017-5F28-4AAF-A4E3-5B0D4380D729}.Debug|x86.Build.0 = Debug|x86
		{A41F1017-5F28-4AAF-A4E3-5B0D4380D729}.Release|Any CPU.ActiveCfg = Release|Any CPU
		{A41F1017-5F28-4AAF-A4E3-5B0D4380D729}.Release|Any CPU.Build.0 = Release|Any CPU
		{A41F1017-5F28-4AAF-A4E3-5B0D4380D729}.Release|x64.ActiveCfg = Release|x64
		{A41F1017-5F28-4AAF-A4E3-5B0D4380D729}.Release|x64.Build.0 = Release|x64
		{A41F1017-5F28-4AAF-A4E3-5B0D4380D729}.Release|x86.ActiveCfg = Release|x86
		{A41F1017-5F28-4AAF-A4E3-5B0D4380D729}.Release|x86.Build.0 = Release|x86
	EndGlobalSection
EndGlobal
